
Microsoft Visual Studio Solution File, Format Version 12.00
# Visual Studio Version 16
VisualStudioVersion = 16.0.29806.167
MinimumVisualStudioVersion = 10.0.40219.1
Project("{2150E333-8FDC-42A3-9474-1A3956D46DE8}") = "src", "src", "{39D317C9-9DAC-43EA-816F-9ECDF6D87EFD}"
EndProject
Project("{9A19103F-16F7-4668-BE54-9A1E7A4F7556}") = "Northwind.EF.DAL", "Northwind.EF.DAL\Northwind.EF.DAL.csproj", "{6F511CAA-313F-4B57-97AE-22D4B34E483B}"
EndProject
Project("{9A19103F-16F7-4668-BE54-9A1E7A4F7556}") = "Northwind.ConsoleApp", "Northwind.ConsoleApp\Northwind.ConsoleApp.csproj", "{B9581BF6-AF44-41AE-A2D1-11864B2F36A9}"
EndProject
Project("{FAE04EC0-301F-11D3-BF4B-00C04F79EFBC}") = "Northwind.Migrations", "Northwind.Migrations\Northwind.Migrations.csproj", "{08E5C639-1E6A-4780-884D-1E3844E111D7}"
EndProject
Global
	GlobalSection(SolutionConfigurationPlatforms) = preSolution
		Debug|Any CPU = Debug|Any CPU
		Release|Any CPU = Release|Any CPU
	EndGlobalSection
	GlobalSection(ProjectConfigurationPlatforms) = postSolution
		{6F511CAA-313F-4B57-97AE-22D4B34E483B}.Debug|Any CPU.ActiveCfg = Debug|Any CPU
		{6F511CAA-313F-4B57-97AE-22D4B34E483B}.Debug|Any CPU.Build.0 = Debug|Any CPU
		{6F511CAA-313F-4B57-97AE-22D4B34E483B}.Release|Any CPU.ActiveCfg = Release|Any CPU
		{6F511CAA-313F-4B57-97AE-22D4B34E483B}.Release|Any CPU.Build.0 = Release|Any CPU
		{B9581BF6-AF44-41AE-A2D1-11864B2F36A9}.Debug|Any CPU.ActiveCfg = Debug|Any CPU
		{B9581BF6-AF44-41AE-A2D1-11864B2F36A9}.Debug|Any CPU.Build.0 = Debug|Any CPU
		{B9581BF6-AF44-41AE-A2D1-11864B2F36A9}.Release|Any CPU.ActiveCfg = Release|Any CPU
		{B9581BF6-AF44-41AE-A2D1-11864B2F36A9}.Release|Any CPU.Build.0 = Release|Any CPU
		{08E5C639-1E6A-4780-884D-1E3844E111D7}.Debug|Any CPU.ActiveCfg = Debug|Any CPU
		{08E5C639-1E6A-4780-884D-1E3844E111D7}.Debug|Any CPU.Build.0 = Debug|Any CPU
		{08E5C639-1E6A-4780-884D-1E3844E111D7}.Release|Any CPU.ActiveCfg = Release|Any CPU
		{08E5C639-1E6A-4780-884D-1E3844E111D7}.Release|Any CPU.Build.0 = Release|Any CPU
	EndGlobalSection
	GlobalSection(SolutionProperties) = preSolution
		HideSolutionNode = FALSE
	EndGlobalSection
	GlobalSection(NestedProjects) = preSolution
		{6F511CAA-313F-4B57-97AE-22D4B34E483B} = {39D317C9-9DAC-43EA-816F-9ECDF6D87EFD}
		{B9581BF6-AF44-41AE-A2D1-11864B2F36A9} = {39D317C9-9DAC-43EA-816F-9ECDF6D87EFD}
		{08E5C639-1E6A-4780-884D-1E3844E111D7} = {39D317C9-9DAC-43EA-816F-9ECDF6D87EFD}
	EndGlobalSection
	GlobalSection(ExtensibilityGlobals) = postSolution
		SolutionGuid = {2E41B4CE-CC04-48BB-8586-51E4D493270D}
	EndGlobalSection
EndGlobal
