
Microsoft Visual Studio Solution File, Format Version 12.00
# Visual Studio Version 16
VisualStudioVersion = 16.0.29806.167
MinimumVisualStudioVersion = 10.0.40219.1
Project("{FAE04EC0-301F-11D3-BF4B-00C04F79EFBC}") = "HttpHandler.DAL", "HttpHandler.DAL\HttpHandler.DAL.csproj", "{48617078-406B-4609-B972-25C152E3CD55}"
EndProject
Project("{FAE04EC0-301F-11D3-BF4B-00C04F79EFBC}") = "HttpHandler.BL", "HttpHandler.BL\HttpHandler.BL.csproj", "{AC33E6D7-1355-4409-8C9B-74E5C3B3A7D2}"
EndProject
Project("{FAE04EC0-301F-11D3-BF4B-00C04F79EFBC}") = "HttpHandler.WebApp", "HttpHandler.WebApp\HttpHandler.WebApp.csproj", "{AB606E51-334F-4397-84EF-B8BEB4BD0775}"
EndProject
Project("{2150E333-8FDC-42A3-9474-1A3956D46DE8}") = "src", "src", "{2702FA67-C014-4395-99CA-F983A285E2E4}"
EndProject
Project("{2150E333-8FDC-42A3-9474-1A3956D46DE8}") = "tests", "tests", "{6FDDE54C-1727-4404-ACB6-2AD4853F5D53}"
EndProject
Project("{FAE04EC0-301F-11D3-BF4B-00C04F79EFBC}") = "HttpHandler.Tests", "HttpHandler.Tests\HttpHandler.Tests.csproj", "{F3FC513E-AABA-4BB5-866A-741C0ED60221}"
EndProject
Global
	GlobalSection(SolutionConfigurationPlatforms) = preSolution
		Debug|Any CPU = Debug|Any CPU
		Release|Any CPU = Release|Any CPU
	EndGlobalSection
	GlobalSection(ProjectConfigurationPlatforms) = postSolution
		{48617078-406B-4609-B972-25C152E3CD55}.Debug|Any CPU.ActiveCfg = Debug|Any CPU
		{48617078-406B-4609-B972-25C152E3CD55}.Debug|Any CPU.Build.0 = Debug|Any CPU
		{48617078-406B-4609-B972-25C152E3CD55}.Release|Any CPU.ActiveCfg = Release|Any CPU
		{48617078-406B-4609-B972-25C152E3CD55}.Release|Any CPU.Build.0 = Release|Any CPU
		{AC33E6D7-1355-4409-8C9B-74E5C3B3A7D2}.Debug|Any CPU.ActiveCfg = Debug|Any CPU
		{AC33E6D7-1355-4409-8C9B-74E5C3B3A7D2}.Debug|Any CPU.Build.0 = Debug|Any CPU
		{AC33E6D7-1355-4409-8C9B-74E5C3B3A7D2}.Release|Any CPU.ActiveCfg = Release|Any CPU
		{AC33E6D7-1355-4409-8C9B-74E5C3B3A7D2}.Release|Any CPU.Build.0 = Release|Any CPU
		{AB606E51-334F-4397-84EF-B8BEB4BD0775}.Debug|Any CPU.ActiveCfg = Debug|Any CPU
		{AB606E51-334F-4397-84EF-B8BEB4BD0775}.Debug|Any CPU.Build.0 = Debug|Any CPU
		{AB606E51-334F-4397-84EF-B8BEB4BD0775}.Release|Any CPU.ActiveCfg = Release|Any CPU
		{AB606E51-334F-4397-84EF-B8BEB4BD0775}.Release|Any CPU.Build.0 = Release|Any CPU
		{F3FC513E-AABA-4BB5-866A-741C0ED60221}.Debug|Any CPU.ActiveCfg = Debug|Any CPU
		{F3FC513E-AABA-4BB5-866A-741C0ED60221}.Debug|Any CPU.Build.0 = Debug|Any CPU
		{F3FC513E-AABA-4BB5-866A-741C0ED60221}.Release|Any CPU.ActiveCfg = Release|Any CPU
		{F3FC513E-AABA-4BB5-866A-741C0ED60221}.Release|Any CPU.Build.0 = Release|Any CPU
	EndGlobalSection
	GlobalSection(SolutionProperties) = preSolution
		HideSolutionNode = FALSE
	EndGlobalSection
	GlobalSection(NestedProjects) = preSolution
		{48617078-406B-4609-B972-25C152E3CD55} = {2702FA67-C014-4395-99CA-F983A285E2E4}
		{AC33E6D7-1355-4409-8C9B-74E5C3B3A7D2} = {2702FA67-C014-4395-99CA-F983A285E2E4}
		{AB606E51-334F-4397-84EF-B8BEB4BD0775} = {2702FA67-C014-4395-99CA-F983A285E2E4}
		{F3FC513E-AABA-4BB5-866A-741C0ED60221} = {6FDDE54C-1727-4404-ACB6-2AD4853F5D53}
	EndGlobalSection
	GlobalSection(ExtensibilityGlobals) = postSolution
		SolutionGuid = {39001358-88E1-4412-885B-27AF9BB3246E}
	EndGlobalSection
EndGlobal
